
Microsoft Visual Studio Solution File, Format Version 12.00
# Visual Studio Version 17
VisualStudioVersion = 17.1.32319.34
MinimumVisualStudioVersion = 10.0.40219.1
Project("{9A19103F-16F7-4668-BE54-9A1E7A4F7556}") = "1. Reverse Strings", "1. Reverse Strings\1. Reverse Strings.csproj", "{40CE0EA0-51E5-4102-B0D5-2E1F8EE99AC1}"
EndProject
Project("{9A19103F-16F7-4668-BE54-9A1E7A4F7556}") = "2. Stack Sum", "2. Stack Sum\2. Stack Sum.csproj", "{4244426F-347B-48FD-A8E9-D007CF535F7C}"
EndProject
Project("{9A19103F-16F7-4668-BE54-9A1E7A4F7556}") = "3. Simple Calculator", "3. Simple Calculator\3. Simple Calculator.csproj", "{D2FBDEDA-DEE4-4F9C-AAFF-A4D812124FB1}"
EndProject
Project("{9A19103F-16F7-4668-BE54-9A1E7A4F7556}") = "4. Matching Brackets", "4. Matching Brackets\4. Matching Brackets.csproj", "{9166D4A7-9689-4C38-9818-00A1AF61B16D}"
EndProject
Project("{9A19103F-16F7-4668-BE54-9A1E7A4F7556}") = "5. Print Even Numbers", "5. Print Even Numbers\5. Print Even Numbers.csproj", "{160631B5-5FC5-4083-8E5E-EE08483B523C}"
EndProject
Project("{9A19103F-16F7-4668-BE54-9A1E7A4F7556}") = "6. Supermarket", "6. Supermarket\6. Supermarket.csproj", "{C6805423-8651-4307-ACC4-B6C3D3623D2B}"
EndProject
Project("{9A19103F-16F7-4668-BE54-9A1E7A4F7556}") = "7. Hot Potato", "7. Hot Potato\7. Hot Potato.csproj", "{E1D37D1B-E3A4-4267-8045-75A792AF0D7C}"
EndProject
Project("{9A19103F-16F7-4668-BE54-9A1E7A4F7556}") = "8. Traffic Jam", "8. Traffic Jam\8. Traffic Jam.csproj", "{9517A3FB-1CB8-4909-A201-1793D00FC782}"
EndProject
Project("{9A19103F-16F7-4668-BE54-9A1E7A4F7556}") = "E1. Basic Stack Operations", "E1. Basic Stack Operations\E1. Basic Stack Operations.csproj", "{51185B9D-33A8-4876-8B78-5F86999B7F72}"
EndProject
Project("{9A19103F-16F7-4668-BE54-9A1E7A4F7556}") = "E2. Basic Queue Operations", "E2. Basic Queue Operations\E2. Basic Queue Operations.csproj", "{9FB5BCD3-CF14-4709-B5BB-DAD334667953}"
EndProject
Project("{9A19103F-16F7-4668-BE54-9A1E7A4F7556}") = "E3. Maximum and Minimum Element", "E3. Maximum and Minimum Element\E3. Maximum and Minimum Element.csproj", "{7100C7C3-EB08-456D-9225-8A59F9C2C311}"
EndProject
Project("{9A19103F-16F7-4668-BE54-9A1E7A4F7556}") = "E4. Fast Food", "E4. Fast Food\E4. Fast Food.csproj", "{6D9BFBD5-6277-480E-8DD3-98A5D20FFB44}"
EndProject
Project("{9A19103F-16F7-4668-BE54-9A1E7A4F7556}") = "E5. Fashion Boutique", "E5. Fashion Boutique\E5. Fashion Boutique.csproj", "{46D57471-877E-41C2-883C-0E01606437D5}"
EndProject
Project("{9A19103F-16F7-4668-BE54-9A1E7A4F7556}") = "E6. Songs Queue", "E6. Songs Queue\E6. Songs Queue.csproj", "{A3717AEB-1482-4707-A209-B4C883D46399}"
EndProject
Project("{FAE04EC0-301F-11D3-BF4B-00C04F79EFBC}") = "E7. Truck Tour", "E7. Truck Tour\E7. Truck Tour.csproj", "{FABD1A82-A926-4FB0-87EF-740F75E3A4B6}"
EndProject
Project("{FAE04EC0-301F-11D3-BF4B-00C04F79EFBC}") = "E8. Balanced Parenthesis", "E8. Balanced Parenthesis\E8. Balanced Parenthesis.csproj", "{AC839F5F-E311-45DD-88A9-F29CD27DC40C}"
EndProject
Global
	GlobalSection(SolutionConfigurationPlatforms) = preSolution
		Debug|Any CPU = Debug|Any CPU
		Release|Any CPU = Release|Any CPU
	EndGlobalSection
	GlobalSection(ProjectConfigurationPlatforms) = postSolution
		{40CE0EA0-51E5-4102-B0D5-2E1F8EE99AC1}.Debug|Any CPU.ActiveCfg = Debug|Any CPU
		{40CE0EA0-51E5-4102-B0D5-2E1F8EE99AC1}.Debug|Any CPU.Build.0 = Debug|Any CPU
		{40CE0EA0-51E5-4102-B0D5-2E1F8EE99AC1}.Release|Any CPU.ActiveCfg = Release|Any CPU
		{40CE0EA0-51E5-4102-B0D5-2E1F8EE99AC1}.Release|Any CPU.Build.0 = Release|Any CPU
		{4244426F-347B-48FD-A8E9-D007CF535F7C}.Debug|Any CPU.ActiveCfg = Debug|Any CPU
		{4244426F-347B-48FD-A8E9-D007CF535F7C}.Debug|Any CPU.Build.0 = Debug|Any CPU
		{4244426F-347B-48FD-A8E9-D007CF535F7C}.Release|Any CPU.ActiveCfg = Release|Any CPU
		{4244426F-347B-48FD-A8E9-D007CF535F7C}.Release|Any CPU.Build.0 = Release|Any CPU
		{D2FBDEDA-DEE4-4F9C-AAFF-A4D812124FB1}.Debug|Any CPU.ActiveCfg = Debug|Any CPU
		{D2FBDEDA-DEE4-4F9C-AAFF-A4D812124FB1}.Debug|Any CPU.Build.0 = Debug|Any CPU
		{D2FBDEDA-DEE4-4F9C-AAFF-A4D812124FB1}.Release|Any CPU.ActiveCfg = Release|Any CPU
		{D2FBDEDA-DEE4-4F9C-AAFF-A4D812124FB1}.Release|Any CPU.Build.0 = Release|Any CPU
		{9166D4A7-9689-4C38-9818-00A1AF61B16D}.Debug|Any CPU.ActiveCfg = Debug|Any CPU
		{9166D4A7-9689-4C38-9818-00A1AF61B16D}.Debug|Any CPU.Build.0 = Debug|Any CPU
		{9166D4A7-9689-4C38-9818-00A1AF61B16D}.Release|Any CPU.ActiveCfg = Release|Any CPU
		{9166D4A7-9689-4C38-9818-00A1AF61B16D}.Release|Any CPU.Build.0 = Release|Any CPU
		{160631B5-5FC5-4083-8E5E-EE08483B523C}.Debug|Any CPU.ActiveCfg = Debug|Any CPU
		{160631B5-5FC5-4083-8E5E-EE08483B523C}.Debug|Any CPU.Build.0 = Debug|Any CPU
		{160631B5-5FC5-4083-8E5E-EE08483B523C}.Release|Any CPU.ActiveCfg = Release|Any CPU
		{160631B5-5FC5-4083-8E5E-EE08483B523C}.Release|Any CPU.Build.0 = Release|Any CPU
		{C6805423-8651-4307-ACC4-B6C3D3623D2B}.Debug|Any CPU.ActiveCfg = Debug|Any CPU
		{C6805423-8651-4307-ACC4-B6C3D3623D2B}.Debug|Any CPU.Build.0 = Debug|Any CPU
		{C6805423-8651-4307-ACC4-B6C3D3623D2B}.Release|Any CPU.ActiveCfg = Release|Any CPU
		{C6805423-8651-4307-ACC4-B6C3D3623D2B}.Release|Any CPU.Build.0 = Release|Any CPU
		{E1D37D1B-E3A4-4267-8045-75A792AF0D7C}.Debug|Any CPU.ActiveCfg = Debug|Any CPU
		{E1D37D1B-E3A4-4267-8045-75A792AF0D7C}.Debug|Any CPU.Build.0 = Debug|Any CPU
		{E1D37D1B-E3A4-4267-8045-75A792AF0D7C}.Release|Any CPU.ActiveCfg = Release|Any CPU
		{E1D37D1B-E3A4-4267-8045-75A792AF0D7C}.Release|Any CPU.Build.0 = Release|Any CPU
		{9517A3FB-1CB8-4909-A201-1793D00FC782}.Debug|Any CPU.ActiveCfg = Debug|Any CPU
		{9517A3FB-1CB8-4909-A201-1793D00FC782}.Debug|Any CPU.Build.0 = Debug|Any CPU
		{9517A3FB-1CB8-4909-A201-1793D00FC782}.Release|Any CPU.ActiveCfg = Release|Any CPU
		{9517A3FB-1CB8-4909-A201-1793D00FC782}.Release|Any CPU.Build.0 = Release|Any CPU
		{51185B9D-33A8-4876-8B78-5F86999B7F72}.Debug|Any CPU.ActiveCfg = Debug|Any CPU
		{51185B9D-33A8-4876-8B78-5F86999B7F72}.Debug|Any CPU.Build.0 = Debug|Any CPU
		{51185B9D-33A8-4876-8B78-5F86999B7F72}.Release|Any CPU.ActiveCfg = Release|Any CPU
		{51185B9D-33A8-4876-8B78-5F86999B7F72}.Release|Any CPU.Build.0 = Release|Any CPU
		{9FB5BCD3-CF14-4709-B5BB-DAD334667953}.Debug|Any CPU.ActiveCfg = Debug|Any CPU
		{9FB5BCD3-CF14-4709-B5BB-DAD334667953}.Debug|Any CPU.Build.0 = Debug|Any CPU
		{9FB5BCD3-CF14-4709-B5BB-DAD334667953}.Release|Any CPU.ActiveCfg = Release|Any CPU
		{9FB5BCD3-CF14-4709-B5BB-DAD334667953}.Release|Any CPU.Build.0 = Release|Any CPU
		{7100C7C3-EB08-456D-9225-8A59F9C2C311}.Debug|Any CPU.ActiveCfg = Debug|Any CPU
		{7100C7C3-EB08-456D-9225-8A59F9C2C311}.Debug|Any CPU.Build.0 = Debug|Any CPU
		{7100C7C3-EB08-456D-9225-8A59F9C2C311}.Release|Any CPU.ActiveCfg = Release|Any CPU
		{7100C7C3-EB08-456D-9225-8A59F9C2C311}.Release|Any CPU.Build.0 = Release|Any CPU
		{6D9BFBD5-6277-480E-8DD3-98A5D20FFB44}.Debug|Any CPU.ActiveCfg = Debug|Any CPU
		{6D9BFBD5-6277-480E-8DD3-98A5D20FFB44}.Debug|Any CPU.Build.0 = Debug|Any CPU
		{6D9BFBD5-6277-480E-8DD3-98A5D20FFB44}.Release|Any CPU.ActiveCfg = Release|Any CPU
		{6D9BFBD5-6277-480E-8DD3-98A5D20FFB44}.Release|Any CPU.Build.0 = Release|Any CPU
		{46D57471-877E-41C2-883C-0E01606437D5}.Debug|Any CPU.ActiveCfg = Debug|Any CPU
		{46D57471-877E-41C2-883C-0E01606437D5}.Debug|Any CPU.Build.0 = Debug|Any CPU
		{46D57471-877E-41C2-883C-0E01606437D5}.Release|Any CPU.ActiveCfg = Release|Any CPU
		{46D57471-877E-41C2-883C-0E01606437D5}.Release|Any CPU.Build.0 = Release|Any CPU
		{A3717AEB-1482-4707-A209-B4C883D46399}.Debug|Any CPU.ActiveCfg = Debug|Any CPU
		{A3717AEB-1482-4707-A209-B4C883D46399}.Debug|Any CPU.Build.0 = Debug|Any CPU
		{A3717AEB-1482-4707-A209-B4C883D46399}.Release|Any CPU.ActiveCfg = Release|Any CPU
		{A3717AEB-1482-4707-A209-B4C883D46399}.Release|Any CPU.Build.0 = Release|Any CPU
		{FABD1A82-A926-4FB0-87EF-740F75E3A4B6}.Debug|Any CPU.ActiveCfg = Debug|Any CPU
		{FABD1A82-A926-4FB0-87EF-740F75E3A4B6}.Debug|Any CPU.Build.0 = Debug|Any CPU
		{FABD1A82-A926-4FB0-87EF-740F75E3A4B6}.Release|Any CPU.ActiveCfg = Release|Any CPU
		{FABD1A82-A926-4FB0-87EF-740F75E3A4B6}.Release|Any CPU.Build.0 = Release|Any CPU
		{AC839F5F-E311-45DD-88A9-F29CD27DC40C}.Debug|Any CPU.ActiveCfg = Debug|Any CPU
		{AC839F5F-E311-45DD-88A9-F29CD27DC40C}.Debug|Any CPU.Build.0 = Debug|Any CPU
		{AC839F5F-E311-45DD-88A9-F29CD27DC40C}.Release|Any CPU.ActiveCfg = Release|Any CPU
		{AC839F5F-E311-45DD-88A9-F29CD27DC40C}.Release|Any CPU.Build.0 = Release|Any CPU
	EndGlobalSection
	GlobalSection(SolutionProperties) = preSolution
		HideSolutionNode = FALSE
	EndGlobalSection
	GlobalSection(ExtensibilityGlobals) = postSolution
		SolutionGuid = {5EEDDC47-A6E4-4E40-9AB0-0D24A3B0B054}
	EndGlobalSection
EndGlobal
