
Microsoft Visual Studio Solution File, Format Version 12.00
# Visual Studio Version 17
VisualStudioVersion = 17.0.32112.339
MinimumVisualStudioVersion = 10.0.40219.1
Project("{FAE04EC0-301F-11D3-BF4B-00C04F79EFBC}") = "Pirates", "Pirates\Pirates.csproj", "{CE12BEF2-200A-44CF-9D4B-E84D39728231}"
EndProject
Project("{FAE04EC0-301F-11D3-BF4B-00C04F79EFBC}") = "Exercising", "Exercising\Exercising.csproj", "{F9137C4D-610F-49B7-A4C0-B15B07E63FC8}"
EndProject
Global
	GlobalSection(SolutionConfigurationPlatforms) = preSolution
		Debug|Any CPU = Debug|Any CPU
		Release|Any CPU = Release|Any CPU
	EndGlobalSection
	GlobalSection(ProjectConfigurationPlatforms) = postSolution
		{CE12BEF2-200A-44CF-9D4B-E84D39728231}.Debug|Any CPU.ActiveCfg = Debug|Any CPU
		{CE12BEF2-200A-44CF-9D4B-E84D39728231}.Debug|Any CPU.Build.0 = Debug|Any CPU
		{CE12BEF2-200A-44CF-9D4B-E84D39728231}.Release|Any CPU.ActiveCfg = Release|Any CPU
		{CE12BEF2-200A-44CF-9D4B-E84D39728231}.Release|Any CPU.Build.0 = Release|Any CPU
		{F9137C4D-610F-49B7-A4C0-B15B07E63FC8}.Debug|Any CPU.ActiveCfg = Debug|Any CPU
		{F9137C4D-610F-49B7-A4C0-B15B07E63FC8}.Debug|Any CPU.Build.0 = Debug|Any CPU
		{F9137C4D-610F-49B7-A4C0-B15B07E63FC8}.Release|Any CPU.ActiveCfg = Release|Any CPU
		{F9137C4D-610F-49B7-A4C0-B15B07E63FC8}.Release|Any CPU.Build.0 = Release|Any CPU
	EndGlobalSection
	GlobalSection(SolutionProperties) = preSolution
		HideSolutionNode = FALSE
	EndGlobalSection
	GlobalSection(ExtensibilityGlobals) = postSolution
		SolutionGuid = {CB3B5231-506E-441C-816A-E215926DAEAA}
	EndGlobalSection
EndGlobal
