
Microsoft Visual Studio Solution File, Format Version 12.00
# Visual Studio Version 17
VisualStudioVersion = 17.2.32519.379
MinimumVisualStudioVersion = 10.0.40219.1
Project("{9A19103F-16F7-4668-BE54-9A1E7A4F7556}") = "PersonsInfo", "PersonsInfo\PersonsInfo.csproj", "{8EB8F4CA-6C78-4D21-A124-E2ED10C39865}"
EndProject
Project("{9A19103F-16F7-4668-BE54-9A1E7A4F7556}") = "Box", "Box\Box.csproj", "{2C5EA1AA-BDE8-48BB-A45B-B9AEF17B4893}"
EndProject
Project("{FAE04EC0-301F-11D3-BF4B-00C04F79EFBC}") = "Shopping", "Shopping\Shopping.csproj", "{D5DA4395-F6D6-4D65-AC10-262B580DAB23}"
EndProject
Global
	GlobalSection(SolutionConfigurationPlatforms) = preSolution
		Debug|Any CPU = Debug|Any CPU
		Release|Any CPU = Release|Any CPU
	EndGlobalSection
	GlobalSection(ProjectConfigurationPlatforms) = postSolution
		{8EB8F4CA-6C78-4D21-A124-E2ED10C39865}.Debug|Any CPU.ActiveCfg = Debug|Any CPU
		{8EB8F4CA-6C78-4D21-A124-E2ED10C39865}.Debug|Any CPU.Build.0 = Debug|Any CPU
		{8EB8F4CA-6C78-4D21-A124-E2ED10C39865}.Release|Any CPU.ActiveCfg = Release|Any CPU
		{8EB8F4CA-6C78-4D21-A124-E2ED10C39865}.Release|Any CPU.Build.0 = Release|Any CPU
		{2C5EA1AA-BDE8-48BB-A45B-B9AEF17B4893}.Debug|Any CPU.ActiveCfg = Debug|Any CPU
		{2C5EA1AA-BDE8-48BB-A45B-B9AEF17B4893}.Debug|Any CPU.Build.0 = Debug|Any CPU
		{2C5EA1AA-BDE8-48BB-A45B-B9AEF17B4893}.Release|Any CPU.ActiveCfg = Release|Any CPU
		{2C5EA1AA-BDE8-48BB-A45B-B9AEF17B4893}.Release|Any CPU.Build.0 = Release|Any CPU
		{D5DA4395-F6D6-4D65-AC10-262B580DAB23}.Debug|Any CPU.ActiveCfg = Debug|Any CPU
		{D5DA4395-F6D6-4D65-AC10-262B580DAB23}.Debug|Any CPU.Build.0 = Debug|Any CPU
		{D5DA4395-F6D6-4D65-AC10-262B580DAB23}.Release|Any CPU.ActiveCfg = Release|Any CPU
		{D5DA4395-F6D6-4D65-AC10-262B580DAB23}.Release|Any CPU.Build.0 = Release|Any CPU
	EndGlobalSection
	GlobalSection(SolutionProperties) = preSolution
		HideSolutionNode = FALSE
	EndGlobalSection
	GlobalSection(ExtensibilityGlobals) = postSolution
		SolutionGuid = {9F92F287-3F36-41E5-8AB0-E9C652D45FF1}
	EndGlobalSection
EndGlobal
