
Microsoft Visual Studio Solution File, Format Version 12.00
# Visual Studio Version 17
VisualStudioVersion = 17.1.32319.34
MinimumVisualStudioVersion = 10.0.40219.1
Project("{9A19103F-16F7-4668-BE54-9A1E7A4F7556}") = "The Imitation Game", "ExamPreparation\The Imitation Game.csproj", "{41C82901-6EBE-44F5-B782-E62C0A088B23}"
EndProject
Project("{9A19103F-16F7-4668-BE54-9A1E7A4F7556}") = "Ad Astra", "Ad Astra\Ad Astra.csproj", "{E036542A-25F8-4017-8515-337E83BB7267}"
EndProject
Project("{9A19103F-16F7-4668-BE54-9A1E7A4F7556}") = "The Pianist", "The Pianist\The Pianist.csproj", "{E11918CD-5BAF-491E-B95D-799F6A6C44AF}"
EndProject
Project("{9A19103F-16F7-4668-BE54-9A1E7A4F7556}") = "Password Reset", "Password Reset\Password Reset.csproj", "{A930AF91-CD83-437D-BC22-4E88C376CE95}"
EndProject
Project("{9A19103F-16F7-4668-BE54-9A1E7A4F7556}") = "World Tour", "World Tour\World Tour.csproj", "{5F9836FC-CE6A-4ED1-9BC1-F7F91AB1B1E3}"
EndProject
Project("{9A19103F-16F7-4668-BE54-9A1E7A4F7556}") = "Activation Keys", "Activation Keys\Activation Keys.csproj", "{A901D59E-E67B-4113-84D0-D49050D57060}"
EndProject
Project("{9A19103F-16F7-4668-BE54-9A1E7A4F7556}") = "Secret Chat", "Secret Chat\Secret Chat.csproj", "{2628A865-D074-4367-A840-7F0A526A706E}"
EndProject
Project("{9A19103F-16F7-4668-BE54-9A1E7A4F7556}") = "Destination Mapper", "Destination Mapper\Destination Mapper.csproj", "{16A085D2-1E72-4EFD-8904-932E97BAFE79}"
EndProject
Project("{9A19103F-16F7-4668-BE54-9A1E7A4F7556}") = "Plant Discovery", "Plant Discovery\Plant Discovery.csproj", "{293A3170-3566-4086-99D3-57D188D9F8D2}"
EndProject
Project("{FAE04EC0-301F-11D3-BF4B-00C04F79EFBC}") = "Emoji Detector", "Emoji Detector\Emoji Detector.csproj", "{ADE90214-61B3-4703-A7B3-E7A7661E3109}"
EndProject
Project("{FAE04EC0-301F-11D3-BF4B-00C04F79EFBC}") = "Fancy Barcodes", "Fancy Barcodes\Fancy Barcodes.csproj", "{46B77DB7-D0BC-4583-94B7-893BC102CAEB}"
EndProject
Global
	GlobalSection(SolutionConfigurationPlatforms) = preSolution
		Debug|Any CPU = Debug|Any CPU
		Release|Any CPU = Release|Any CPU
	EndGlobalSection
	GlobalSection(ProjectConfigurationPlatforms) = postSolution
		{41C82901-6EBE-44F5-B782-E62C0A088B23}.Debug|Any CPU.ActiveCfg = Debug|Any CPU
		{41C82901-6EBE-44F5-B782-E62C0A088B23}.Debug|Any CPU.Build.0 = Debug|Any CPU
		{41C82901-6EBE-44F5-B782-E62C0A088B23}.Release|Any CPU.ActiveCfg = Release|Any CPU
		{41C82901-6EBE-44F5-B782-E62C0A088B23}.Release|Any CPU.Build.0 = Release|Any CPU
		{E036542A-25F8-4017-8515-337E83BB7267}.Debug|Any CPU.ActiveCfg = Debug|Any CPU
		{E036542A-25F8-4017-8515-337E83BB7267}.Debug|Any CPU.Build.0 = Debug|Any CPU
		{E036542A-25F8-4017-8515-337E83BB7267}.Release|Any CPU.ActiveCfg = Release|Any CPU
		{E036542A-25F8-4017-8515-337E83BB7267}.Release|Any CPU.Build.0 = Release|Any CPU
		{E11918CD-5BAF-491E-B95D-799F6A6C44AF}.Debug|Any CPU.ActiveCfg = Debug|Any CPU
		{E11918CD-5BAF-491E-B95D-799F6A6C44AF}.Debug|Any CPU.Build.0 = Debug|Any CPU
		{E11918CD-5BAF-491E-B95D-799F6A6C44AF}.Release|Any CPU.ActiveCfg = Release|Any CPU
		{E11918CD-5BAF-491E-B95D-799F6A6C44AF}.Release|Any CPU.Build.0 = Release|Any CPU
		{A930AF91-CD83-437D-BC22-4E88C376CE95}.Debug|Any CPU.ActiveCfg = Debug|Any CPU
		{A930AF91-CD83-437D-BC22-4E88C376CE95}.Debug|Any CPU.Build.0 = Debug|Any CPU
		{A930AF91-CD83-437D-BC22-4E88C376CE95}.Release|Any CPU.ActiveCfg = Release|Any CPU
		{A930AF91-CD83-437D-BC22-4E88C376CE95}.Release|Any CPU.Build.0 = Release|Any CPU
		{5F9836FC-CE6A-4ED1-9BC1-F7F91AB1B1E3}.Debug|Any CPU.ActiveCfg = Debug|Any CPU
		{5F9836FC-CE6A-4ED1-9BC1-F7F91AB1B1E3}.Debug|Any CPU.Build.0 = Debug|Any CPU
		{5F9836FC-CE6A-4ED1-9BC1-F7F91AB1B1E3}.Release|Any CPU.ActiveCfg = Release|Any CPU
		{5F9836FC-CE6A-4ED1-9BC1-F7F91AB1B1E3}.Release|Any CPU.Build.0 = Release|Any CPU
		{A901D59E-E67B-4113-84D0-D49050D57060}.Debug|Any CPU.ActiveCfg = Debug|Any CPU
		{A901D59E-E67B-4113-84D0-D49050D57060}.Debug|Any CPU.Build.0 = Debug|Any CPU
		{A901D59E-E67B-4113-84D0-D49050D57060}.Release|Any CPU.ActiveCfg = Release|Any CPU
		{A901D59E-E67B-4113-84D0-D49050D57060}.Release|Any CPU.Build.0 = Release|Any CPU
		{2628A865-D074-4367-A840-7F0A526A706E}.Debug|Any CPU.ActiveCfg = Debug|Any CPU
		{2628A865-D074-4367-A840-7F0A526A706E}.Debug|Any CPU.Build.0 = Debug|Any CPU
		{2628A865-D074-4367-A840-7F0A526A706E}.Release|Any CPU.ActiveCfg = Release|Any CPU
		{2628A865-D074-4367-A840-7F0A526A706E}.Release|Any CPU.Build.0 = Release|Any CPU
		{16A085D2-1E72-4EFD-8904-932E97BAFE79}.Debug|Any CPU.ActiveCfg = Debug|Any CPU
		{16A085D2-1E72-4EFD-8904-932E97BAFE79}.Debug|Any CPU.Build.0 = Debug|Any CPU
		{16A085D2-1E72-4EFD-8904-932E97BAFE79}.Release|Any CPU.ActiveCfg = Release|Any CPU
		{16A085D2-1E72-4EFD-8904-932E97BAFE79}.Release|Any CPU.Build.0 = Release|Any CPU
		{293A3170-3566-4086-99D3-57D188D9F8D2}.Debug|Any CPU.ActiveCfg = Debug|Any CPU
		{293A3170-3566-4086-99D3-57D188D9F8D2}.Debug|Any CPU.Build.0 = Debug|Any CPU
		{293A3170-3566-4086-99D3-57D188D9F8D2}.Release|Any CPU.ActiveCfg = Release|Any CPU
		{293A3170-3566-4086-99D3-57D188D9F8D2}.Release|Any CPU.Build.0 = Release|Any CPU
		{ADE90214-61B3-4703-A7B3-E7A7661E3109}.Debug|Any CPU.ActiveCfg = Debug|Any CPU
		{ADE90214-61B3-4703-A7B3-E7A7661E3109}.Debug|Any CPU.Build.0 = Debug|Any CPU
		{ADE90214-61B3-4703-A7B3-E7A7661E3109}.Release|Any CPU.ActiveCfg = Release|Any CPU
		{ADE90214-61B3-4703-A7B3-E7A7661E3109}.Release|Any CPU.Build.0 = Release|Any CPU
		{46B77DB7-D0BC-4583-94B7-893BC102CAEB}.Debug|Any CPU.ActiveCfg = Debug|Any CPU
		{46B77DB7-D0BC-4583-94B7-893BC102CAEB}.Debug|Any CPU.Build.0 = Debug|Any CPU
		{46B77DB7-D0BC-4583-94B7-893BC102CAEB}.Release|Any CPU.ActiveCfg = Release|Any CPU
		{46B77DB7-D0BC-4583-94B7-893BC102CAEB}.Release|Any CPU.Build.0 = Release|Any CPU
	EndGlobalSection
	GlobalSection(SolutionProperties) = preSolution
		HideSolutionNode = FALSE
	EndGlobalSection
	GlobalSection(ExtensibilityGlobals) = postSolution
		SolutionGuid = {81AD10A8-83C5-4D74-934F-547FB2EEF464}
	EndGlobalSection
EndGlobal
