
Microsoft Visual Studio Solution File, Format Version 12.00
# Visual Studio Version 17
VisualStudioVersion = 17.0.32112.339
MinimumVisualStudioVersion = 10.0.40219.1
Project("{9A19103F-16F7-4668-BE54-9A1E7A4F7556}") = "Teamwork Projects", "ExerciseClasses\Teamwork Projects.csproj", "{FF31B412-86C6-49C4-9DE4-95609634289B}"
EndProject
Project("{9A19103F-16F7-4668-BE54-9A1E7A4F7556}") = "Vehicle Catalogue", "Vehicle Catalogue\Vehicle Catalogue.csproj", "{B738A6F0-4AA3-420A-880F-FF03B25D8BD4}"
EndProject
Project("{9A19103F-16F7-4668-BE54-9A1E7A4F7556}") = "Order by Age", "Order by Age\Order by Age.csproj", "{5D82E47C-6CB0-4EA9-AE9C-0B96282E4C02}"
EndProject
Project("{FAE04EC0-301F-11D3-BF4B-00C04F79EFBC}") = "Articles", "Articles\Articles.csproj", "{85E45A1A-65BE-4AA1-A4EB-74878C5924C3}"
EndProject
Project("{FAE04EC0-301F-11D3-BF4B-00C04F79EFBC}") = "Articles 2.0", "Articles 2.0\Articles 2.0.csproj", "{DB8F0B0C-F443-4152-AA38-B441909F01DA}"
EndProject
Global
	GlobalSection(SolutionConfigurationPlatforms) = preSolution
		Debug|Any CPU = Debug|Any CPU
		Release|Any CPU = Release|Any CPU
	EndGlobalSection
	GlobalSection(ProjectConfigurationPlatforms) = postSolution
		{FF31B412-86C6-49C4-9DE4-95609634289B}.Debug|Any CPU.ActiveCfg = Debug|Any CPU
		{FF31B412-86C6-49C4-9DE4-95609634289B}.Debug|Any CPU.Build.0 = Debug|Any CPU
		{FF31B412-86C6-49C4-9DE4-95609634289B}.Release|Any CPU.ActiveCfg = Release|Any CPU
		{FF31B412-86C6-49C4-9DE4-95609634289B}.Release|Any CPU.Build.0 = Release|Any CPU
		{B738A6F0-4AA3-420A-880F-FF03B25D8BD4}.Debug|Any CPU.ActiveCfg = Debug|Any CPU
		{B738A6F0-4AA3-420A-880F-FF03B25D8BD4}.Debug|Any CPU.Build.0 = Debug|Any CPU
		{B738A6F0-4AA3-420A-880F-FF03B25D8BD4}.Release|Any CPU.ActiveCfg = Release|Any CPU
		{B738A6F0-4AA3-420A-880F-FF03B25D8BD4}.Release|Any CPU.Build.0 = Release|Any CPU
		{5D82E47C-6CB0-4EA9-AE9C-0B96282E4C02}.Debug|Any CPU.ActiveCfg = Debug|Any CPU
		{5D82E47C-6CB0-4EA9-AE9C-0B96282E4C02}.Debug|Any CPU.Build.0 = Debug|Any CPU
		{5D82E47C-6CB0-4EA9-AE9C-0B96282E4C02}.Release|Any CPU.ActiveCfg = Release|Any CPU
		{5D82E47C-6CB0-4EA9-AE9C-0B96282E4C02}.Release|Any CPU.Build.0 = Release|Any CPU
		{85E45A1A-65BE-4AA1-A4EB-74878C5924C3}.Debug|Any CPU.ActiveCfg = Debug|Any CPU
		{85E45A1A-65BE-4AA1-A4EB-74878C5924C3}.Debug|Any CPU.Build.0 = Debug|Any CPU
		{85E45A1A-65BE-4AA1-A4EB-74878C5924C3}.Release|Any CPU.ActiveCfg = Release|Any CPU
		{85E45A1A-65BE-4AA1-A4EB-74878C5924C3}.Release|Any CPU.Build.0 = Release|Any CPU
		{DB8F0B0C-F443-4152-AA38-B441909F01DA}.Debug|Any CPU.ActiveCfg = Debug|Any CPU
		{DB8F0B0C-F443-4152-AA38-B441909F01DA}.Debug|Any CPU.Build.0 = Debug|Any CPU
		{DB8F0B0C-F443-4152-AA38-B441909F01DA}.Release|Any CPU.ActiveCfg = Release|Any CPU
		{DB8F0B0C-F443-4152-AA38-B441909F01DA}.Release|Any CPU.Build.0 = Release|Any CPU
	EndGlobalSection
	GlobalSection(SolutionProperties) = preSolution
		HideSolutionNode = FALSE
	EndGlobalSection
	GlobalSection(ExtensibilityGlobals) = postSolution
		SolutionGuid = {3FD17EF9-EBA8-4E8F-8D9E-05C71D82D725}
	EndGlobalSection
EndGlobal
